Microsoft Visual Studio Solution File, Format Version 12.00
# Visual Studio Version 17
VisualStudioVersion = 17.5.2.0
MinimumVisualStudioVersion = 10.0.40219.1
Project("{FAE04EC0-301F-11D3-BF4B-00C04F79EFBC}") = "grdApi", "grdApi.csproj", "{055AD478-CE03-EC5B-3B94-B889248CDBD2}"
EndProject
Global
	GlobalSection(SolutionConfigurationPlatforms) = preSolution
		Debug|Any CPU = Debug|Any CPU
		Release|Any CPU = Release|Any CPU
	EndGlobalSection
	GlobalSection(ProjectConfigurationPlatforms) = postSolution
		{055AD478-CE03-EC5B-3B94-B889248CDBD2}.Debug|Any CPU.ActiveCfg = Debug|Any CPU
		{055AD478-CE03-EC5B-3B94-B889248CDBD2}.Debug|Any CPU.Build.0 = Debug|Any CPU
		{055AD478-CE03-EC5B-3B94-B889248CDBD2}.Release|Any CPU.ActiveCfg = Release|Any CPU
		{055AD478-CE03-EC5B-3B94-B889248CDBD2}.Release|Any CPU.Build.0 = Release|Any CPU
	EndGlobalSection
	GlobalSection(SolutionProperties) = preSolution
		HideSolutionNode = FALSE
	EndGlobalSection
	GlobalSection(ExtensibilityGlobals) = postSolution
		SolutionGuid = {EB4244EE-2C5D-4702-96C9-E0DC9D5C9311}
	EndGlobalSection
EndGlobal
